# Generated by scripts/configure.py
Microsoft Visual Studio Solution File, Format Version 12.00
Project("{7b7e275b-ace2-5b6e-9df8-8a32142654e5}") = "GuerrillaNtp.Cli", "GuerrillaNtp.Cli/GuerrillaNtp.Cli.csproj", "{7b7e275b-ace2-5b6e-9df8-8a32142654e5}"
EndProject
Global
	GlobalSection(SolutionConfigurationPlatforms) = preSolution
		Debug|Any CPU = Debug|Any CPU
		Release|Any CPU = Release|Any CPU
	EndGlobalSection
	GlobalSection(ProjectConfigurationPlatforms) = postSolution
		{7b7e275b-ace2-5b6e-9df8-8a32142654e5}.Debug|Any CPU.ActiveCfg = Debug|Any CPU
		{7b7e275b-ace2-5b6e-9df8-8a32142654e5}.Debug|Any CPU.Build.0 = Debug|Any CPU
		{7b7e275b-ace2-5b6e-9df8-8a32142654e5}.Release|Any CPU.ActiveCfg = Release|Any CPU
		{7b7e275b-ace2-5b6e-9df8-8a32142654e5}.Release|Any CPU.Build.0 = Release|Any CPU
	EndGlobalSection
EndGlobal
